
Microsoft Visual Studio Solution File, Format Version 12.00
# Visual Studio Version 17
VisualStudioVersion = 17.0.31903.59
MinimumVisualStudioVersion = 10.0.40219.1
Project("{2150E333-8FDC-42A3-9474-1A3956D46DE8}") = "src", "src", "{827E0CD3-B72D-47B6-A68D-7590B98EB39B}"
EndProject
Project("{FAE04EC0-301F-11D3-BF4B-00C04F79EFBC}") = "Vicinia.ApiGateway", "src\Vicinia.ApiGateway\Vicinia.ApiGateway.csproj", "{E82BEE41-5127-4968-A3A6-13AC566822E6}"
EndProject
Project("{FAE04EC0-301F-11D3-BF4B-00C04F79EFBC}") = "Vicinia.UserService", "src\Vicinia.UserService\Vicinia.UserService.csproj", "{70DBF2A6-8B6E-4397-B0C7-929AA293CC94}"
EndProject
Project("{FAE04EC0-301F-11D3-BF4B-00C04F79EFBC}") = "Vicinia.GeocodingService", "src\Vicinia.GeocodingService\Vicinia.GeocodingService.csproj", "{A9178849-8807-4AB5-AF0E-52F88F2C33A6}"
EndProject
Project("{FAE04EC0-301F-11D3-BF4B-00C04F79EFBC}") = "Vicinia.PoiService", "src\Vicinia.PoiService\Vicinia.PoiService.csproj", "{2030D311-DA22-49E6-AA93-A2DA7FB00986}"
EndProject
Project("{FAE04EC0-301F-11D3-BF4B-00C04F79EFBC}") = "Vicinia.HistoryService", "src\Vicinia.HistoryService\Vicinia.HistoryService.csproj", "{02EA8DB2-F5E9-49C5-8D44-58F777CBD2DE}"
EndProject
Project("{FAE04EC0-301F-11D3-BF4B-00C04F79EFBC}") = "Vicinia.LoggingService", "src\Vicinia.LoggingService\Vicinia.LoggingService.csproj", "{3AC9308E-04C8-42B2-BED3-FFAD5EADD9EB}"
EndProject
Project("{FAE04EC0-301F-11D3-BF4B-00C04F79EFBC}") = "Vicinia.ScoringService", "src\Vicinia.ScoringService\Vicinia.ScoringService.csproj", "{9278EAB9-5A0C-447B-A452-14311446D1AC}"
EndProject
Global
	GlobalSection(SolutionConfigurationPlatforms) = preSolution
		Debug|Any CPU = Debug|Any CPU
		Debug|x64 = Debug|x64
		Debug|x86 = Debug|x86
		Release|Any CPU = Release|Any CPU
		Release|x64 = Release|x64
		Release|x86 = Release|x86
	EndGlobalSection
	GlobalSection(ProjectConfigurationPlatforms) = postSolution
		{E82BEE41-5127-4968-A3A6-13AC566822E6}.Debug|Any CPU.ActiveCfg = Debug|Any CPU
		{E82BEE41-5127-4968-A3A6-13AC566822E6}.Debug|Any CPU.Build.0 = Debug|Any CPU
		{E82BEE41-5127-4968-A3A6-13AC566822E6}.Debug|x64.ActiveCfg = Debug|Any CPU
		{E82BEE41-5127-4968-A3A6-13AC566822E6}.Debug|x64.Build.0 = Debug|Any CPU
		{E82BEE41-5127-4968-A3A6-13AC566822E6}.Debug|x86.ActiveCfg = Debug|Any CPU
		{E82BEE41-5127-4968-A3A6-13AC566822E6}.Debug|x86.Build.0 = Debug|Any CPU
		{E82BEE41-5127-4968-A3A6-13AC566822E6}.Release|Any CPU.ActiveCfg = Release|Any CPU
		{E82BEE41-5127-4968-A3A6-13AC566822E6}.Release|Any CPU.Build.0 = Release|Any CPU
		{E82BEE41-5127-4968-A3A6-13AC566822E6}.Release|x64.ActiveCfg = Release|Any CPU
		{E82BEE41-5127-4968-A3A6-13AC566822E6}.Release|x64.Build.0 = Release|Any CPU
		{E82BEE41-5127-4968-A3A6-13AC566822E6}.Release|x86.ActiveCfg = Release|Any CPU
		{E82BEE41-5127-4968-A3A6-13AC566822E6}.Release|x86.Build.0 = Release|Any CPU
		{70DBF2A6-8B6E-4397-B0C7-929AA293CC94}.Debug|Any CPU.ActiveCfg = Debug|Any CPU
		{70DBF2A6-8B6E-4397-B0C7-929AA293CC94}.Debug|Any CPU.Build.0 = Debug|Any CPU
		{70DBF2A6-8B6E-4397-B0C7-929AA293CC94}.Debug|x64.ActiveCfg = Debug|Any CPU
		{70DBF2A6-8B6E-4397-B0C7-929AA293CC94}.Debug|x64.Build.0 = Debug|Any CPU
		{70DBF2A6-8B6E-4397-B0C7-929AA293CC94}.Debug|x86.ActiveCfg = Debug|Any CPU
		{70DBF2A6-8B6E-4397-B0C7-929AA293CC94}.Debug|x86.Build.0 = Debug|Any CPU
		{70DBF2A6-8B6E-4397-B0C7-929AA293CC94}.Release|Any CPU.ActiveCfg = Release|Any CPU
		{70DBF2A6-8B6E-4397-B0C7-929AA293CC94}.Release|Any CPU.Build.0 = Release|Any CPU
		{70DBF2A6-8B6E-4397-B0C7-929AA293CC94}.Release|x64.ActiveCfg = Release|Any CPU
		{70DBF2A6-8B6E-4397-B0C7-929AA293CC94}.Release|x64.Build.0 = Release|Any CPU
		{70DBF2A6-8B6E-4397-B0C7-929AA293CC94}.Release|x86.ActiveCfg = Release|Any CPU
		{70DBF2A6-8B6E-4397-B0C7-929AA293CC94}.Release|x86.Build.0 = Release|Any CPU
		{A9178849-8807-4AB5-AF0E-52F88F2C33A6}.Debug|Any CPU.ActiveCfg = Debug|Any CPU
		{A9178849-8807-4AB5-AF0E-52F88F2C33A6}.Debug|Any CPU.Build.0 = Debug|Any CPU
		{A9178849-8807-4AB5-AF0E-52F88F2C33A6}.Debug|x64.ActiveCfg = Debug|Any CPU
		{A9178849-8807-4AB5-AF0E-52F88F2C33A6}.Debug|x64.Build.0 = Debug|Any CPU
		{A9178849-8807-4AB5-AF0E-52F88F2C33A6}.Debug|x86.ActiveCfg = Debug|Any CPU
		{A9178849-8807-4AB5-AF0E-52F88F2C33A6}.Debug|x86.Build.0 = Debug|Any CPU
		{A9178849-8807-4AB5-AF0E-52F88F2C33A6}.Release|Any CPU.ActiveCfg = Release|Any CPU
		{A9178849-8807-4AB5-AF0E-52F88F2C33A6}.Release|Any CPU.Build.0 = Release|Any CPU
		{A9178849-8807-4AB5-AF0E-52F88F2C33A6}.Release|x64.ActiveCfg = Release|Any CPU
		{A9178849-8807-4AB5-AF0E-52F88F2C33A6}.Release|x64.Build.0 = Release|Any CPU
		{A9178849-8807-4AB5-AF0E-52F88F2C33A6}.Release|x86.ActiveCfg = Release|Any CPU
		{A9178849-8807-4AB5-AF0E-52F88F2C33A6}.Release|x86.Build.0 = Release|Any CPU
		{2030D311-DA22-49E6-AA93-A2DA7FB00986}.Debug|Any CPU.ActiveCfg = Debug|Any CPU
		{2030D311-DA22-49E6-AA93-A2DA7FB00986}.Debug|Any CPU.Build.0 = Debug|Any CPU
		{2030D311-DA22-49E6-AA93-A2DA7FB00986}.Debug|x64.ActiveCfg = Debug|Any CPU
		{2030D311-DA22-49E6-AA93-A2DA7FB00986}.Debug|x64.Build.0 = Debug|Any CPU
		{2030D311-DA22-49E6-AA93-A2DA7FB00986}.Debug|x86.ActiveCfg = Debug|Any CPU
		{2030D311-DA22-49E6-AA93-A2DA7FB00986}.Debug|x86.Build.0 = Debug|Any CPU
		{2030D311-DA22-49E6-AA93-A2DA7FB00986}.Release|Any CPU.ActiveCfg = Release|Any CPU
		{2030D311-DA22-49E6-AA93-A2DA7FB00986}.Release|Any CPU.Build.0 = Release|Any CPU
		{2030D311-DA22-49E6-AA93-A2DA7FB00986}.Release|x64.ActiveCfg = Release|Any CPU
		{2030D311-DA22-49E6-AA93-A2DA7FB00986}.Release|x64.Build.0 = Release|Any CPU
		{2030D311-DA22-49E6-AA93-A2DA7FB00986}.Release|x86.ActiveCfg = Release|Any CPU
		{2030D311-DA22-49E6-AA93-A2DA7FB00986}.Release|x86.Build.0 = Release|Any CPU
		{02EA8DB2-F5E9-49C5-8D44-58F777CBD2DE}.Debug|Any CPU.ActiveCfg = Debug|Any CPU
		{02EA8DB2-F5E9-49C5-8D44-58F777CBD2DE}.Debug|Any CPU.Build.0 = Debug|Any CPU
		{02EA8DB2-F5E9-49C5-8D44-58F777CBD2DE}.Debug|x64.ActiveCfg = Debug|Any CPU
		{02EA8DB2-F5E9-49C5-8D44-58F777CBD2DE}.Debug|x64.Build.0 = Debug|Any CPU
		{02EA8DB2-F5E9-49C5-8D44-58F777CBD2DE}.Debug|x86.ActiveCfg = Debug|Any CPU
		{02EA8DB2-F5E9-49C5-8D44-58F777CBD2DE}.Debug|x86.Build.0 = Debug|Any CPU
		{02EA8DB2-F5E9-49C5-8D44-58F777CBD2DE}.Release|Any CPU.ActiveCfg = Release|Any CPU
		{02EA8DB2-F5E9-49C5-8D44-58F777CBD2DE}.Release|Any CPU.Build.0 = Release|Any CPU
		{02EA8DB2-F5E9-49C5-8D44-58F777CBD2DE}.Release|x64.ActiveCfg = Release|Any CPU
		{02EA8DB2-F5E9-49C5-8D44-58F777CBD2DE}.Release|x64.Build.0 = Release|Any CPU
		{02EA8DB2-F5E9-49C5-8D44-58F777CBD2DE}.Release|x86.ActiveCfg = Release|Any CPU
		{02EA8DB2-F5E9-49C5-8D44-58F777CBD2DE}.Release|x86.Build.0 = Release|Any CPU
		{3AC9308E-04C8-42B2-BED3-FFAD5EADD9EB}.Debug|Any CPU.ActiveCfg = Debug|Any CPU
		{3AC9308E-04C8-42B2-BED3-FFAD5EADD9EB}.Debug|Any CPU.Build.0 = Debug|Any CPU
		{3AC9308E-04C8-42B2-BED3-FFAD5EADD9EB}.Debug|x64.ActiveCfg = Debug|Any CPU
		{3AC9308E-04C8-42B2-BED3-FFAD5EADD9EB}.Debug|x64.Build.0 = Debug|Any CPU
		{3AC9308E-04C8-42B2-BED3-FFAD5EADD9EB}.Debug|x86.ActiveCfg = Debug|Any CPU
		{3AC9308E-04C8-42B2-BED3-FFAD5EADD9EB}.Debug|x86.Build.0 = Debug|Any CPU
		{3AC9308E-04C8-42B2-BED3-FFAD5EADD9EB}.Release|Any CPU.ActiveCfg = Release|Any CPU
		{3AC9308E-04C8-42B2-BED3-FFAD5EADD9EB}.Release|Any CPU.Build.0 = Release|Any CPU
		{3AC9308E-04C8-42B2-BED3-FFAD5EADD9EB}.Release|x64.ActiveCfg = Release|Any CPU
		{3AC9308E-04C8-42B2-BED3-FFAD5EADD9EB}.Release|x64.Build.0 = Release|Any CPU
		{3AC9308E-04C8-42B2-BED3-FFAD5EADD9EB}.Release|x86.ActiveCfg = Release|Any CPU
		{3AC9308E-04C8-42B2-BED3-FFAD5EADD9EB}.Release|x86.Build.0 = Release|Any CPU
		{9278EAB9-5A0C-447B-A452-14311446D1AC}.Debug|Any CPU.ActiveCfg = Debug|Any CPU
		{9278EAB9-5A0C-447B-A452-14311446D1AC}.Debug|Any CPU.Build.0 = Debug|Any CPU
		{9278EAB9-5A0C-447B-A452-14311446D1AC}.Debug|x64.ActiveCfg = Debug|Any CPU
		{9278EAB9-5A0C-447B-A452-14311446D1AC}.Debug|x64.Build.0 = Debug|Any CPU
		{9278EAB9-5A0C-447B-A452-14311446D1AC}.Debug|x86.ActiveCfg = Debug|Any CPU
		{9278EAB9-5A0C-447B-A452-14311446D1AC}.Debug|x86.Build.0 = Debug|Any CPU
		{9278EAB9-5A0C-447B-A452-14311446D1AC}.Release|Any CPU.ActiveCfg = Release|Any CPU
		{9278EAB9-5A0C-447B-A452-14311446D1AC}.Release|Any CPU.Build.0 = Release|Any CPU
		{9278EAB9-5A0C-447B-A452-14311446D1AC}.Release|x64.ActiveCfg = Release|Any CPU
		{9278EAB9-5A0C-447B-A452-14311446D1AC}.Release|x64.Build.0 = Release|Any CPU
		{9278EAB9-5A0C-447B-A452-14311446D1AC}.Release|x86.ActiveCfg = Release|Any CPU
		{9278EAB9-5A0C-447B-A452-14311446D1AC}.Release|x86.Build.0 = Release|Any CPU
	EndGlobalSection
	GlobalSection(SolutionProperties) = preSolution
		HideSolutionNode = FALSE
	EndGlobalSection
	GlobalSection(NestedProjects) = preSolution
		{E82BEE41-5127-4968-A3A6-13AC566822E6} = {827E0CD3-B72D-47B6-A68D-7590B98EB39B}
		{70DBF2A6-8B6E-4397-B0C7-929AA293CC94} = {827E0CD3-B72D-47B6-A68D-7590B98EB39B}
		{A9178849-8807-4AB5-AF0E-52F88F2C33A6} = {827E0CD3-B72D-47B6-A68D-7590B98EB39B}
		{2030D311-DA22-49E6-AA93-A2DA7FB00986} = {827E0CD3-B72D-47B6-A68D-7590B98EB39B}
		{02EA8DB2-F5E9-49C5-8D44-58F777CBD2DE} = {827E0CD3-B72D-47B6-A68D-7590B98EB39B}
		{3AC9308E-04C8-42B2-BED3-FFAD5EADD9EB} = {827E0CD3-B72D-47B6-A68D-7590B98EB39B}
		{9278EAB9-5A0C-447B-A452-14311446D1AC} = {827E0CD3-B72D-47B6-A68D-7590B98EB39B}
	EndGlobalSection
EndGlobal
